// !$*UTF8*$!
{
	archiveVersion = 1;
	classes = {
	};
	objectVersion = 46;
	objects = {

/* Begin PBXBuildFile section */
		2C37C844197FBF79004E1D81 /* Cocoa.framework in Frameworks */ = {isa = PBXBuildFile; fileRef = 2C37C843197FBF79004E1D81 /* Cocoa.framework */; };
		2C37C84E197FBF7A004E1D81 /* InfoPlist.strings in Resources */ = {isa = PBXBuildFile; fileRef = 2C37C84C197FBF7A004E1D81 /* InfoPlist.strings */; };
		2C37C850197FBF7A004E1D81 /* main.m in Sources */ = {isa = PBXBuildFile; fileRef = 2C37C84F197FBF7A004E1D81 /* main.m */; };
		2C37C854197FBF7A004E1D81 /* Credits.rtf in Resources */ = {isa = PBXBuildFile; fileRef = 2C37C852197FBF7A004E1D81 /* Credits.rtf */; };
		2C37C857197FBF7A004E1D81 /* SBTAppDelegate.m in Sources */ = {isa = PBXBuildFile; fileRef = 2C37C856197FBF7A004E1D81 /* SBTAppDelegate.m */; };
		2C37C85A197FBF7A004E1D81 /* MainMenu.xib in Resources */ = {isa = PBXBuildFile; fileRef = 2C37C858197FBF7A004E1D81 /* MainMenu.xib */; };
		2C37C85C197FBF7A004E1D81 /* Images.xcassets in Resources */ = {isa = PBXBuildFile; fileRef = 2C37C85B197FBF7A004E1D81 /* Images.xcassets */; };
		2C37C863197FBF7A004E1D81 /* XCTest.framework in Frameworks */ = {isa = PBXBuildFile; fileRef = 2C37C862197FBF7A004E1D81 /* XCTest.framework */; };
		2C37C864197FBF7A004E1D81 /* Cocoa.framework in Frameworks */ = {isa = PBXBuildFile; fileRef = 2C37C843197FBF79004E1D81 /* Cocoa.framework */; };
		2C37C86C197FBF7A004E1D81 /* InfoPlist.strings in Resources */ = {isa = PBXBuildFile; fileRef = 2C37C86A197FBF7A004E1D81 /* InfoPlist.strings */; };
		2C37C86E197FBF7A004E1D81 /* ScenePlayerPOCTests.m in Sources */ = {isa = PBXBuildFile; fileRef = 2C37C86D197FBF7A004E1D81 /* ScenePlayerPOCTests.m */; };
		2C37C878197FBFAD004E1D81 /* scene.json in Resources */ = {isa = PBXBuildFile; fileRef = 2C37C877197FBFAD004E1D81 /* scene.json */; };
		2C37C87A197FE9D3004E1D81 /* burj.mp4 in Resources */ = {isa = PBXBuildFile; fileRef = 2C37C879197FE9D3004E1D81 /* burj.mp4 */; };
		2C3BADA419800DF0009FACBD /* RMBSceneTimer.m in Sources */ = {isa = PBXBuildFile; fileRef = 2C3BADA319800DF0009FACBD /* RMBSceneTimer.m */; };
		2C3BADA71981102E009FACBD /* CABasicAnimation+addons.m in Sources */ = {isa = PBXBuildFile; fileRef = 2C3BADA61981102E009FACBD /* CABasicAnimation+addons.m */; };
		8C0F4E8A19830C2900DE27FB /* Foundation.framework in Frameworks */ = {isa = PBXBuildFile; fileRef = 8C0F4E8919830C2900DE27FB /* Foundation.framework */; };
		8C0F4E8C19830C2900DE27FB /* CoreGraphics.framework in Frameworks */ = {isa = PBXBuildFile; fileRef = 8C0F4E8B19830C2900DE27FB /* CoreGraphics.framework */; };
		8C0F4E8E19830C2900DE27FB /* UIKit.framework in Frameworks */ = {isa = PBXBuildFile; fileRef = 8C0F4E8D19830C2900DE27FB /* UIKit.framework */; };
		8C0F4E9419830C2900DE27FB /* InfoPlist.strings in Resources */ = {isa = PBXBuildFile; fileRef = 8C0F4E9219830C2900DE27FB /* InfoPlist.strings */; };
		8C0F4E9619830C2900DE27FB /* main.m in Sources */ = {isa = PBXBuildFile; fileRef = 8C0F4E9519830C2900DE27FB /* main.m */; };
		8C0F4E9A19830C2900DE27FB /* SBTAppDelegate.m in Sources */ = {isa = PBXBuildFile; fileRef = 8C0F4E9919830C2900DE27FB /* SBTAppDelegate.m */; };
		8C0F4E9D19830C2900DE27FB /* Main.storyboard in Resources */ = {isa = PBXBuildFile; fileRef = 8C0F4E9B19830C2900DE27FB /* Main.storyboard */; };
		8C0F4EA019830C2900DE27FB /* SBTViewController.m in Sources */ = {isa = PBXBuildFile; fileRef = 8C0F4E9F19830C2900DE27FB /* SBTViewController.m */; };
		8C0F4EA219830C2900DE27FB /* Images.xcassets in Resources */ = {isa = PBXBuildFile; fileRef = 8C0F4EA119830C2900DE27FB /* Images.xcassets */; };
		8C0F4EA819830C2900DE27FB /* XCTest.framework in Frameworks */ = {isa = PBXBuildFile; fileRef = 2C37C862197FBF7A004E1D81 /* XCTest.framework */; };
		8C0F4EA919830C2900DE27FB /* Foundation.framework in Frameworks */ = {isa = PBXBuildFile; fileRef = 8C0F4E8919830C2900DE27FB /* Foundation.framework */; };
		8C0F4EAA19830C2900DE27FB /* UIKit.framework in Frameworks */ = {isa = PBXBuildFile; fileRef = 8C0F4E8D19830C2900DE27FB /* UIKit.framework */; };
		8C0F4EB219830C2900DE27FB /* InfoPlist.strings in Resources */ = {isa = PBXBuildFile; fileRef = 8C0F4EB019830C2900DE27FB /* InfoPlist.strings */; };
		8C0F4EB419830C2900DE27FB /* iPadScenePlayerTests.m in Sources */ = {isa = PBXBuildFile; fileRef = 8C0F4EB319830C2900DE27FB /* iPadScenePlayerTests.m */; };
		8C0F4EBB1983B17F00DE27FB /* RMBSceneTimer.m in Sources */ = {isa = PBXBuildFile; fileRef = 2C3BADA319800DF0009FACBD /* RMBSceneTimer.m */; };
		8C0F4EBC1983B18500DE27FB /* scene.json in Resources */ = {isa = PBXBuildFile; fileRef = 2C37C877197FBFAD004E1D81 /* scene.json */; };
		8C0F4EBD1983B19600DE27FB /* CABasicAnimation+addons.m in Sources */ = {isa = PBXBuildFile; fileRef = 2C3BADA61981102E009FACBD /* CABasicAnimation+addons.m */; };
		8C0F4EC41983B87500DE27FB /* UIView.m in Sources */ = {isa = PBXBuildFile; fileRef = 8C0F4EC31983B87500DE27FB /* UIView.m */; };
		8C594FF219851921000A3AC2 /* scene_ver2.json in Resources */ = {isa = PBXBuildFile; fileRef = 8C594FF119851921000A3AC2 /* scene_ver2.json */; };
		8C594FF319851921000A3AC2 /* scene_ver2.json in Resources */ = {isa = PBXBuildFile; fileRef = 8C594FF119851921000A3AC2 /* scene_ver2.json */; };
		8C594FF5198520DB000A3AC2 /* fussball.mov in Resources */ = {isa = PBXBuildFile; fileRef = 8C594FF4198520DB000A3AC2 /* fussball.mov */; };
		8C594FF6198520DB000A3AC2 /* fussball.mov in Resources */ = {isa = PBXBuildFile; fileRef = 8C594FF4198520DB000A3AC2 /* fussball.mov */; };
		8C594FF81986DD4A000A3AC2 /* old_sample.mp4 in Resources */ = {isa = PBXBuildFile; fileRef = 8C594FF71986DD4A000A3AC2 /* old_sample.mp4 */; };
		8C594FF91986DD4A000A3AC2 /* old_sample.mp4 in Resources */ = {isa = PBXBuildFile; fileRef = 8C594FF71986DD4A000A3AC2 /* old_sample.mp4 */; };
/* End PBXBuildFile section */

/* Begin PBXContainerItemProxy section */
		2C37C865197FBF7A004E1D81 /* PBXContainerItemProxy */ = {
			isa = PBXContainerItemProxy;
			containerPortal = 2C37C838197FBF79004E1D81 /* Project object */;
			proxyType = 1;
			remoteGlobalIDString = 2C37C83F197FBF79004E1D81;
			remoteInfo = ScenePlayerPOC;
		};
		8C0F4EAB19830C2900DE27FB /* PBXContainerItemProxy */ = {
			isa = PBXContainerItemProxy;
			containerPortal = 2C37C838197FBF79004E1D81 /* Project object */;
			proxyType = 1;
			remoteGlobalIDString = 8C0F4E8719830C2900DE27FB;
			remoteInfo = iPadScenePlayer;
		};
/* End PBXContainerItemProxy section */

/* Begin PBXFileReference section */
		2C37C840197FBF79004E1D81 /* ScenePlayerPOC.app */ = {isa = PBXFileReference; explicitFileType = wrapper.application; includeInIndex = 0; path = ScenePlayerPOC.app; sourceTree = BUILT_PRODUCTS_DIR; };
		2C37C843197FBF79004E1D81 /* Cocoa.framework */ = {isa = PBXFileReference; lastKnownFileType = wrapper.framework; name = Cocoa.framework; path = System/Library/Frameworks/Cocoa.framework; sourceTree = SDKROOT; };
		2C37C846197FBF79004E1D81 /* AppKit.framework */ = {isa = PBXFileReference; lastKnownFileType = wrapper.framework; name = AppKit.framework; path = System/Library/Frameworks/AppKit.framework; sourceTree = SDKROOT; };
		2C37C847197FBF79004E1D81 /* CoreData.framework */ = {isa = PBXFileReference; lastKnownFileType = wrapper.framework; name = CoreData.framework; path = System/Library/Frameworks/CoreData.framework; sourceTree = SDKROOT; };
		2C37C848197FBF79004E1D81 /* Foundation.framework */ = {isa = PBXFileReference; lastKnownFileType = wrapper.framework; name = Foundation.framework; path = System/Library/Frameworks/Foundation.framework; sourceTree = SDKROOT; };
		2C37C84B197FBF7A004E1D81 /* ScenePlayerPOC-Info.plist */ = {isa = PBXFileReference; lastKnownFileType = text.plist.xml; path = "ScenePlayerPOC-Info.plist"; sourceTree = "<group>"; };
		2C37C84D197FBF7A004E1D81 /* en */ = {isa = PBXFileReference; lastKnownFileType = text.plist.strings; name = en; path = en.lproj/InfoPlist.strings; sourceTree = "<group>"; };
		2C37C84F197FBF7A004E1D81 /* main.m */ = {isa = PBXFileReference; lastKnownFileType = sourcecode.c.objc; path = main.m; sourceTree = "<group>"; };
		2C37C851197FBF7A004E1D81 /* ScenePlayerPOC-Prefix.pch */ = {isa = PBXFileReference; lastKnownFileType = sourcecode.c.h; path = "ScenePlayerPOC-Prefix.pch"; sourceTree = "<group>"; };
		2C37C853197FBF7A004E1D81 /* en */ = {isa = PBXFileReference; lastKnownFileType = text.rtf; name = en; path = en.lproj/Credits.rtf; sourceTree = "<group>"; };
		2C37C855197FBF7A004E1D81 /* SBTAppDelegate.h */ = {isa = PBXFileReference; lastKnownFileType = sourcecode.c.h; path = SBTAppDelegate.h; sourceTree = "<group>"; };
		2C37C856197FBF7A004E1D81 /* SBTAppDelegate.m */ = {isa = PBXFileReference; lastKnownFileType = sourcecode.c.objc; path = SBTAppDelegate.m; sourceTree = "<group>"; };
		2C37C859197FBF7A004E1D81 /* Base */ = {isa = PBXFileReference; lastKnownFileType = file.xib; name = Base; path = Base.lproj/MainMenu.xib; sourceTree = "<group>"; };
		2C37C85B197FBF7A004E1D81 /* Images.xcassets */ = {isa = PBXFileReference; lastKnownFileType = folder.assetcatalog; path = Images.xcassets; sourceTree = "<group>"; };
		2C37C861197FBF7A004E1D81 /* ScenePlayerPOCTests.xctest */ = {isa = PBXFileReference; explicitFileType = wrapper.cfbundle; includeInIndex = 0; path = ScenePlayerPOCTests.xctest; sourceTree = BUILT_PRODUCTS_DIR; };
		2C37C862197FBF7A004E1D81 /* XCTest.framework */ = {isa = PBXFileReference; lastKnownFileType = wrapper.framework; name = XCTest.framework; path = Library/Frameworks/XCTest.framework; sourceTree = DEVELOPER_DIR; };
		2C37C869197FBF7A004E1D81 /* ScenePlayerPOCTests-Info.plist */ = {isa = PBXFileReference; lastKnownFileType = text.plist.xml; path = "ScenePlayerPOCTests-Info.plist"; sourceTree = "<group>"; };
		2C37C86B197FBF7A004E1D81 /* en */ = {isa = PBXFileReference; lastKnownFileType = text.plist.strings; name = en; path = en.lproj/InfoPlist.strings; sourceTree = "<group>"; };
		2C37C86D197FBF7A004E1D81 /* ScenePlayerPOCTests.m */ = {isa = PBXFileReference; lastKnownFileType = sourcecode.c.objc; path = ScenePlayerPOCTests.m; sourceTree = "<group>"; };
		2C37C877197FBFAD004E1D81 /* scene.json */ = {isa = PBXFileReference; fileEncoding = 4; lastKnownFileType = text.json; path = scene.json; sourceTree = "<group>"; };
		2C37C879197FE9D3004E1D81 /* burj.mp4 */ = {isa = PBXFileReference; lastKnownFileType = file; path = burj.mp4; sourceTree = "<group>"; };
		2C3BADA219800DF0009FACBD /* RMBSceneTimer.h */ = {isa = PBXFileReference; fileEncoding = 4; lastKnownFileType = sourcecode.c.h; path = RMBSceneTimer.h; sourceTree = "<group>"; };
		2C3BADA319800DF0009FACBD /* RMBSceneTimer.m */ = {isa = PBXFileReference; fileEncoding = 4; lastKnownFileType = sourcecode.c.objc; path = RMBSceneTimer.m; sourceTree = "<group>"; };
		2C3BADA51981102E009FACBD /* CABasicAnimation+addons.h */ = {isa = PBXFileReference; fileEncoding = 4; lastKnownFileType = sourcecode.c.h; path = "CABasicAnimation+addons.h"; sourceTree = "<group>"; };
		2C3BADA61981102E009FACBD /* CABasicAnimation+addons.m */ = {isa = PBXFileReference; fileEncoding = 4; lastKnownFileType = sourcecode.c.objc; path = "CABasicAnimation+addons.m"; sourceTree = "<group>"; };
		8C0F4E8819830C2900DE27FB /* iPadScenePlayer.app */ = {isa = PBXFileReference; explicitFileType = wrapper.application; includeInIndex = 0; path = iPadScenePlayer.app; sourceTree = BUILT_PRODUCTS_DIR; };
		8C0F4E8919830C2900DE27FB /* Foundation.framework */ = {isa = PBXFileReference; lastKnownFileType = wrapper.framework; name = Foundation.framework; path = System/Library/Frameworks/Foundation.framework; sourceTree = SDKROOT; };
		8C0F4E8B19830C2900DE27FB /* CoreGraphics.framework */ = {isa = PBXFileReference; lastKnownFileType = wrapper.framework; name = CoreGraphics.framework; path = System/Library/Frameworks/CoreGraphics.framework; sourceTree = SDKROOT; };
		8C0F4E8D19830C2900DE27FB /* UIKit.framework */ = {isa = PBXFileReference; lastKnownFileType = wrapper.framework; name = UIKit.framework; path = Library/Frameworks/UIKit.framework; sourceTree = DEVELOPER_DIR; };
		8C0F4E9119830C2900DE27FB /* iPadScenePlayer-Info.plist */ = {isa = PBXFileReference; lastKnownFileType = text.plist.xml; path = "iPadScenePlayer-Info.plist"; sourceTree = "<group>"; };
		8C0F4E9319830C2900DE27FB /* en */ = {isa = PBXFileReference; lastKnownFileType = text.plist.strings; name = en; path = en.lproj/InfoPlist.strings; sourceTree = "<group>"; };
		8C0F4E9519830C2900DE27FB /* main.m */ = {isa = PBXFileReference; lastKnownFileType = sourcecode.c.objc; path = main.m; sourceTree = "<group>"; };
		8C0F4E9719830C2900DE27FB /* iPadScenePlayer-Prefix.pch */ = {isa = PBXFileReference; lastKnownFileType = sourcecode.c.h; path = "iPadScenePlayer-Prefix.pch"; sourceTree = "<group>"; };
		8C0F4E9819830C2900DE27FB /* SBTAppDelegate.h */ = {isa = PBXFileReference; lastKnownFileType = sourcecode.c.h; path = SBTAppDelegate.h; sourceTree = "<group>"; };
		8C0F4E9919830C2900DE27FB /* SBTAppDelegate.m */ = {isa = PBXFileReference; lastKnownFileType = sourcecode.c.objc; path = SBTAppDelegate.m; sourceTree = "<group>"; };
		8C0F4E9C19830C2900DE27FB /* Base */ = {isa = PBXFileReference; lastKnownFileType = file.storyboard; name = Base; path = Base.lproj/Main.storyboard; sourceTree = "<group>"; };
		8C0F4E9E19830C2900DE27FB /* SBTViewController.h */ = {isa = PBXFileReference; lastKnownFileType = sourcecode.c.h; path = SBTViewController.h; sourceTree = "<group>"; };
		8C0F4E9F19830C2900DE27FB /* SBTViewController.m */ = {isa = PBXFileReference; lastKnownFileType = sourcecode.c.objc; path = SBTViewController.m; sourceTree = "<group>"; };
		8C0F4EA119830C2900DE27FB /* Images.xcassets */ = {isa = PBXFileReference; lastKnownFileType = folder.assetcatalog; path = Images.xcassets; sourceTree = "<group>"; };
		8C0F4EA719830C2900DE27FB /* iPadScenePlayerTests.xctest */ = {isa = PBXFileReference; explicitFileType = wrapper.cfbundle; includeInIndex = 0; path = iPadScenePlayerTests.xctest; sourceTree = BUILT_PRODUCTS_DIR; };
		8C0F4EAF19830C2900DE27FB /* iPadScenePlayerTests-Info.plist */ = {isa = PBXFileReference; lastKnownFileType = text.plist.xml; path = "iPadScenePlayerTests-Info.plist"; sourceTree = "<group>"; };
		8C0F4EB119830C2900DE27FB /* en */ = {isa = PBXFileReference; lastKnownFileType = text.plist.strings; name = en; path = en.lproj/InfoPlist.strings; sourceTree = "<group>"; };
		8C0F4EB319830C2900DE27FB /* iPadScenePlayerTests.m */ = {isa = PBXFileReference; lastKnownFileType = sourcecode.c.objc; path = iPadScenePlayerTests.m; sourceTree = "<group>"; };
		8C0F4EC21983B87500DE27FB /* UIView.h */ = {isa = PBXFileReference; fileEncoding = 4; lastKnownFileType = sourcecode.c.h; name = UIView.h; path = ScenePlayerPOC/UIView.h; sourceTree = "<group>"; };
		8C0F4EC31983B87500DE27FB /* UIView.m */ = {isa = PBXFileReference; fileEncoding = 4; lastKnownFileType = sourcecode.c.objc; name = UIView.m; path = ScenePlayerPOC/UIView.m; sourceTree = "<group>"; };
		8C594FF119851921000A3AC2 /* scene_ver2.json */ = {isa = PBXFileReference; fileEncoding = 4; lastKnownFileType = text.json; path = scene_ver2.json; sourceTree = "<group>"; };
		8C594FF4198520DB000A3AC2 /* fussball.mov */ = {isa = PBXFileReference; lastKnownFileType = video.quicktime; path = fussball.mov; sourceTree = "<group>"; };
		8C594FF71986DD4A000A3AC2 /* old_sample.mp4 */ = {isa = PBXFileReference; lastKnownFileType = file; path = old_sample.mp4; sourceTree = "<group>"; };
/* End PBXFileReference section */

/* Begin PBXFrameworksBuildPhase section */
		2C37C83D197FBF79004E1D81 /* Frameworks */ = {
			isa = PBXFrameworksBuildPhase;
			buildActionMask = 2147483647;
			files = (
				2C37C844197FBF79004E1D81 /* Cocoa.framework in Frameworks */,
			);
			runOnlyForDeploymentPostprocessing = 0;
		};
		2C37C85E197FBF7A004E1D81 /* Frameworks */ = {
			isa = PBXFrameworksBuildPhase;
			buildActionMask = 2147483647;
			files = (
				2C37C864197FBF7A004E1D81 /* Cocoa.framework in Frameworks */,
				2C37C863197FBF7A004E1D81 /* XCTest.framework in Frameworks */,
			);
			runOnlyForDeploymentPostprocessing = 0;
		};
		8C0F4E8519830C2900DE27FB /* Frameworks */ = {
			isa = PBXFrameworksBuildPhase;
			buildActionMask = 2147483647;
			files = (
				8C0F4E8C19830C2900DE27FB /* CoreGraphics.framework in Frameworks */,
				8C0F4E8E19830C2900DE27FB /* UIKit.framework in Frameworks */,
				8C0F4E8A19830C2900DE27FB /* Foundation.framework in Frameworks */,
			);
			runOnlyForDeploymentPostprocessing = 0;
		};
		8C0F4EA419830C2900DE27FB /* Frameworks */ = {
			isa = PBXFrameworksBuildPhase;
			buildActionMask = 2147483647;
			files = (
				8C0F4EA819830C2900DE27FB /* XCTest.framework in Frameworks */,
				8C0F4EAA19830C2900DE27FB /* UIKit.framework in Frameworks */,
				8C0F4EA919830C2900DE27FB /* Foundation.framework in Frameworks */,
			);
			runOnlyForDeploymentPostprocessing = 0;
		};
/* End PBXFrameworksBuildPhase section */

/* Begin PBXGroup section */
		2C37C837197FBF79004E1D81 = {
			isa = PBXGroup;
			children = (
				8C0F4EC21983B87500DE27FB /* UIView.h */,
				8C0F4EC31983B87500DE27FB /* UIView.m */,
				2C37C849197FBF79004E1D81 /* ScenePlayerPOC */,
				2C37C867197FBF7A004E1D81 /* ScenePlayerPOCTests */,
				8C0F4E8F19830C2900DE27FB /* iPadScenePlayer */,
				8C0F4EAD19830C2900DE27FB /* iPadScenePlayerTests */,
				2C37C842197FBF79004E1D81 /* Frameworks */,
				2C37C841197FBF79004E1D81 /* Products */,
			);
			sourceTree = "<group>";
		};
		2C37C841197FBF79004E1D81 /* Products */ = {
			isa = PBXGroup;
			children = (
				2C37C840197FBF79004E1D81 /* ScenePlayerPOC.app */,
				2C37C861197FBF7A004E1D81 /* ScenePlayerPOCTests.xctest */,
				8C0F4E8819830C2900DE27FB /* iPadScenePlayer.app */,
				8C0F4EA719830C2900DE27FB /* iPadScenePlayerTests.xctest */,
			);
			name = Products;
			sourceTree = "<group>";
		};
		2C37C842197FBF79004E1D81 /* Frameworks */ = {
			isa = PBXGroup;
			children = (
				2C37C843197FBF79004E1D81 /* Cocoa.framework */,
				2C37C862197FBF7A004E1D81 /* XCTest.framework */,
				8C0F4E8919830C2900DE27FB /* Foundation.framework */,
				8C0F4E8B19830C2900DE27FB /* CoreGraphics.framework */,
				8C0F4E8D19830C2900DE27FB /* UIKit.framework */,
				2C37C845197FBF79004E1D81 /* Other Frameworks */,
			);
			name = Frameworks;
			sourceTree = "<group>";
		};
		2C37C845197FBF79004E1D81 /* Other Frameworks */ = {
			isa = PBXGroup;
			children = (
				2C37C846197FBF79004E1D81 /* AppKit.framework */,
				2C37C847197FBF79004E1D81 /* CoreData.framework */,
				2C37C848197FBF79004E1D81 /* Foundation.framework */,
			);
			name = "Other Frameworks";
			sourceTree = "<group>";
		};
		2C37C849197FBF79004E1D81 /* ScenePlayerPOC */ = {
			isa = PBXGroup;
			children = (
				2C37C879197FE9D3004E1D81 /* burj.mp4 */,
				8C594FF71986DD4A000A3AC2 /* old_sample.mp4 */,
				8C594FF4198520DB000A3AC2 /* fussball.mov */,
				2C37C855197FBF7A004E1D81 /* SBTAppDelegate.h */,
				2C37C856197FBF7A004E1D81 /* SBTAppDelegate.m */,
				2C3BADA51981102E009FACBD /* CABasicAnimation+addons.h */,
				2C3BADA61981102E009FACBD /* CABasicAnimation+addons.m */,
				2C37C858197FBF7A004E1D81 /* MainMenu.xib */,
				2C37C85B197FBF7A004E1D81 /* Images.xcassets */,
				2C37C84A197FBF7A004E1D81 /* Supporting Files */,
				2C37C877197FBFAD004E1D81 /* scene.json */,
				8C594FF119851921000A3AC2 /* scene_ver2.json */,
				2C3BADA219800DF0009FACBD /* RMBSceneTimer.h */,
				2C3BADA319800DF0009FACBD /* RMBSceneTimer.m */,
			);
			path = ScenePlayerPOC;
			sourceTree = "<group>";
		};
		2C37C84A197FBF7A004E1D81 /* Supporting Files */ = {
			isa = PBXGroup;
			children = (
				2C37C84B197FBF7A004E1D81 /* ScenePlayerPOC-Info.plist */,
				2C37C84C197FBF7A004E1D81 /* InfoPlist.strings */,
				2C37C84F197FBF7A004E1D81 /* main.m */,
				2C37C851197FBF7A004E1D81 /* ScenePlayerPOC-Prefix.pch */,
				2C37C852197FBF7A004E1D81 /* Credits.rtf */,
			);
			name = "Supporting Files";
			sourceTree = "<group>";
		};
		2C37C867197FBF7A004E1D81 /* ScenePlayerPOCTests */ = {
			isa = PBXGroup;
			children = (
				2C37C86D197FBF7A004E1D81 /* ScenePlayerPOCTests.m */,
				2C37C868197FBF7A004E1D81 /* Supporting Files */,
			);
			path = ScenePlayerPOCTests;
			sourceTree = "<group>";
		};
		2C37C868197FBF7A004E1D81 /* Supporting Files */ = {
			isa = PBXGroup;
			children = (
				2C37C869197FBF7A004E1D81 /* ScenePlayerPOCTests-Info.plist */,
				2C37C86A197FBF7A004E1D81 /* InfoPlist.strings */,
			);
			name = "Supporting Files";
			sourceTree = "<group>";
		};
		8C0F4E8F19830C2900DE27FB /* iPadScenePlayer */ = {
			isa = PBXGroup;
			children = (
				8C0F4E9819830C2900DE27FB /* SBTAppDelegate.h */,
				8C0F4E9919830C2900DE27FB /* SBTAppDelegate.m */,
				8C0F4E9B19830C2900DE27FB /* Main.storyboard */,
				8C0F4E9E19830C2900DE27FB /* SBTViewController.h */,
				8C0F4E9F19830C2900DE27FB /* SBTViewController.m */,
				8C0F4EA119830C2900DE27FB /* Images.xcassets */,
				8C0F4E9019830C2900DE27FB /* Supporting Files */,
			);
			path = iPadScenePlayer;
			sourceTree = "<group>";
		};
		8C0F4E9019830C2900DE27FB /* Supporting Files */ = {
			isa = PBXGroup;
			children = (
				8C0F4E9119830C2900DE27FB /* iPadScenePlayer-Info.plist */,
				8C0F4E9219830C2900DE27FB /* InfoPlist.strings */,
				8C0F4E9519830C2900DE27FB /* main.m */,
				8C0F4E9719830C2900DE27FB /* iPadScenePlayer-Prefix.pch */,
			);
			name = "Supporting Files";
			sourceTree = "<group>";
		};
		8C0F4EAD19830C2900DE27FB /* iPadScenePlayerTests */ = {
			isa = PBXGroup;
			children = (
				8C0F4EB319830C2900DE27FB /* iPadScenePlayerTests.m */,
				8C0F4EAE19830C2900DE27FB /* Supporting Files */,
			);
			path = iPadScenePlayerTests;
			sourceTree = "<group>";
		};
		8C0F4EAE19830C2900DE27FB /* Supporting Files */ = {
			isa = PBXGroup;
			children = (
				8C0F4EAF19830C2900DE27FB /* iPadScenePlayerTests-Info.plist */,
				8C0F4EB019830C2900DE27FB /* InfoPlist.strings */,
			);
			name = "Supporting Files";
			sourceTree = "<group>";
		};
/* End PBXGroup section */

/* Begin PBXNativeTarget section */
		2C37C83F197FBF79004E1D81 /* ScenePlayerPOC */ = {
			isa = PBXNativeTarget;
			buildConfigurationList = 2C37C871197FBF7A004E1D81 /* Build configuration list for PBXNativeTarget "ScenePlayerPOC" */;
			buildPhases = (
				2C37C83C197FBF79004E1D81 /* Sources */,
				2C37C83D197FBF79004E1D81 /* Frameworks */,
				2C37C83E197FBF79004E1D81 /* Resources */,
			);
			buildRules = (
			);
			dependencies = (
			);
			name = ScenePlayerPOC;
			productName = ScenePlayerPOC;
			productReference = 2C37C840197FBF79004E1D81 /* ScenePlayerPOC.app */;
			productType = "com.apple.product-type.application";
		};
		2C37C860197FBF7A004E1D81 /* ScenePlayerPOCTests */ = {
			isa = PBXNativeTarget;
			buildConfigurationList = 2C37C874197FBF7A004E1D81 /* Build configuration list for PBXNativeTarget "ScenePlayerPOCTests" */;
			buildPhases = (
				2C37C85D197FBF7A004E1D81 /* Sources */,
				2C37C85E197FBF7A004E1D81 /* Frameworks */,
				2C37C85F197FBF7A004E1D81 /* Resources */,
			);
			buildRules = (
			);
			dependencies = (
				2C37C866197FBF7A004E1D81 /* PBXTargetDependency */,
			);
			name = ScenePlayerPOCTests;
			productName = ScenePlayerPOCTests;
			productReference = 2C37C861197FBF7A004E1D81 /* ScenePlayerPOCTests.xctest */;
			productType = "com.apple.product-type.bundle.unit-test";
		};
		8C0F4E8719830C2900DE27FB /* iPadScenePlayer */ = {
			isa = PBXNativeTarget;
			buildConfigurationList = 8C0F4EB919830C2900DE27FB /* Build configuration list for PBXNativeTarget "iPadScenePlayer" */;
			buildPhases = (
				8C0F4E8419830C2900DE27FB /* Sources */,
				8C0F4E8519830C2900DE27FB /* Frameworks */,
				8C0F4E8619830C2900DE27FB /* Resources */,
			);
			buildRules = (
			);
			dependencies = (
			);
			name = iPadScenePlayer;
			productName = iPadScenePlayer;
			productReference = 8C0F4E8819830C2900DE27FB /* iPadScenePlayer.app */;
			productType = "com.apple.product-type.application";
		};
		8C0F4EA619830C2900DE27FB /* iPadScenePlayerTests */ = {
			isa = PBXNativeTarget;
			buildConfigurationList = 8C0F4EBA19830C2900DE27FB /* Build configuration list for PBXNativeTarget "iPadScenePlayerTests" */;
			buildPhases = (
				8C0F4EA319830C2900DE27FB /* Sources */,
				8C0F4EA419830C2900DE27FB /* Frameworks */,
				8C0F4EA519830C2900DE27FB /* Resources */,
			);
			buildRules = (
			);
			dependencies = (
				8C0F4EAC19830C2900DE27FB /* PBXTargetDependency */,
			);
			name = iPadScenePlayerTests;
			productName = iPadScenePlayerTests;
			productReference = 8C0F4EA719830C2900DE27FB /* iPadScenePlayerTests.xctest */;
			productType = "com.apple.product-type.bundle.unit-test";
		};
/* End PBXNativeTarget section */

/* Begin PBXProject section */
		2C37C838197FBF79004E1D81 /* Project object */ = {
			isa = PBXProject;
			attributes = {
				CLASSPREFIX = SBT;
				LastUpgradeCheck = 0510;
				ORGANIZATIONNAME = "Steve Walsh";
				TargetAttributes = {
					2C37C860197FBF7A004E1D81 = {
						TestTargetID = 2C37C83F197FBF79004E1D81;
					};
					8C0F4EA619830C2900DE27FB = {
						TestTargetID = 2C37C83F197FBF79004E1D81;
					};
				};
			};
			buildConfigurationList = 2C37C83B197FBF79004E1D81 /* Build configuration list for PBXProject "ScenePlayerPOC" */;
			compatibilityVersion = "Xcode 3.2";
			developmentRegion = English;
			hasScannedForEncodings = 0;
			knownRegions = (
				en,
				Base,
			);
			mainGroup = 2C37C837197FBF79004E1D81;
			productRefGroup = 2C37C841197FBF79004E1D81 /* Products */;
			projectDirPath = "";
			projectRoot = "";
			targets = (
				2C37C83F197FBF79004E1D81 /* ScenePlayerPOC */,
				2C37C860197FBF7A004E1D81 /* ScenePlayerPOCTests */,
				8C0F4E8719830C2900DE27FB /* iPadScenePlayer */,
				8C0F4EA619830C2900DE27FB /* iPadScenePlayerTests */,
			);
		};
/* End PBXProject section */

/* Begin PBXResourcesBuildPhase section */
		2C37C83E197FBF79004E1D81 /* Resources */ = {
			isa = PBXResourcesBuildPhase;
			buildActionMask = 2147483647;
			files = (
				8C594FF5198520DB000A3AC2 /* fussball.mov in Resources */,
				8C594FF81986DD4A000A3AC2 /* old_sample.mp4 in Resources */,
				2C37C84E197FBF7A004E1D81 /* InfoPlist.strings in Resources */,
				2C37C85C197FBF7A004E1D81 /* Images.xcassets in Resources */,
				8C594FF219851921000A3AC2 /* scene_ver2.json in Resources */,
				2C37C878197FBFAD004E1D81 /* scene.json in Resources */,
				2C37C854197FBF7A004E1D81 /* Credits.rtf in Resources */,
				2C37C87A197FE9D3004E1D81 /* burj.mp4 in Resources */,
				2C37C85A197FBF7A004E1D81 /* MainMenu.xib in Resources */,
			);
			runOnlyForDeploymentPostprocessing = 0;
		};
		2C37C85F197FBF7A004E1D81 /* Resources */ = {
			isa = PBXResourcesBuildPhase;
			buildActionMask = 2147483647;
			files = (
				2C37C86C197FBF7A004E1D81 /* InfoPlist.strings in Resources */,
			);
			runOnlyForDeploymentPostprocessing = 0;
		};
		8C0F4E8619830C2900DE27FB /* Resources */ = {
			isa = PBXResourcesBuildPhase;
			buildActionMask = 2147483647;
			files = (
				8C0F4EBC1983B18500DE27FB /* scene.json in Resources */,
				8C0F4EA219830C2900DE27FB /* Images.xcassets in Resources */,
				8C594FF6198520DB000A3AC2 /* fussball.mov in Resources */,
				8C594FF319851921000A3AC2 /* scene_ver2.json in Resources */,
				8C0F4E9419830C2900DE27FB /* InfoPlist.strings in Resources */,
				8C0F4E9D19830C2900DE27FB /* Main.storyboard in Resources */,
				8C594FF91986DD4A000A3AC2 /* old_sample.mp4 in Resources */,
			);
			runOnlyForDeploymentPostprocessing = 0;
		};
		8C0F4EA519830C2900DE27FB /* Resources */ = {
			isa = PBXResourcesBuildPhase;
			buildActionMask = 2147483647;
			files = (
				8C0F4EB219830C2900DE27FB /* InfoPlist.strings in Resources */,
			);
			runOnlyForDeploymentPostprocessing = 0;
		};
/* End PBXResourcesBuildPhase section */

/* Begin PBXSourcesBuildPhase section */
		2C37C83C197FBF79004E1D81 /* Sources */ = {
			isa = PBXSourcesBuildPhase;
			buildActionMask = 2147483647;
			files = (
				2C37C857197FBF7A004E1D81 /* SBTAppDelegate.m in Sources */,
				2C37C850197FBF7A004E1D81 /* main.m in Sources */,
				8C0F4EC41983B87500DE27FB /* UIView.m in Sources */,
				2C3BADA71981102E009FACBD /* CABasicAnimation+addons.m in Sources */,
				2C3BADA419800DF0009FACBD /* RMBSceneTimer.m in Sources */,
			);
			runOnlyForDeploymentPostprocessing = 0;
		};
		2C37C85D197FBF7A004E1D81 /* Sources */ = {
			isa = PBXSourcesBuildPhase;
			buildActionMask = 2147483647;
			files = (
				2C37C86E197FBF7A004E1D81 /* ScenePlayerPOCTests.m in Sources */,
			);
			runOnlyForDeploymentPostprocessing = 0;
		};
		8C0F4E8419830C2900DE27FB /* Sources */ = {
			isa = PBXSourcesBuildPhase;
			buildActionMask = 2147483647;
			files = (
				8C0F4E9A19830C2900DE27FB /* SBTAppDelegate.m in Sources */,
				8C0F4EBD1983B19600DE27FB /* CABasicAnimation+addons.m in Sources */,
				8C0F4E9619830C2900DE27FB /* main.m in Sources */,
				8C0F4EBB1983B17F00DE27FB /* RMBSceneTimer.m in Sources */,
				8C0F4EA019830C2900DE27FB /* SBTViewController.m in Sources */,
			);
			runOnlyForDeploymentPostprocessing = 0;
		};
		8C0F4EA319830C2900DE27FB /* Sources */ = {
			isa = PBXSourcesBuildPhase;
			buildActionMask = 2147483647;
			files = (
				8C0F4EB419830C2900DE27FB /* iPadScenePlayerTests.m in Sources */,
			);
			runOnlyForDeploymentPostprocessing = 0;
		};
/* End PBXSourcesBuildPhase section */

/* Begin PBXTargetDependency section */
		2C37C866197FBF7A004E1D81 /* PBXTargetDependency */ = {
			isa = PBXTargetDependency;
			target = 2C37C83F197FBF79004E1D81 /* ScenePlayerPOC */;
			targetProxy = 2C37C865197FBF7A004E1D81 /* PBXContainerItemProxy */;
		};
		8C0F4EAC19830C2900DE27FB /* PBXTargetDependency */ = {
			isa = PBXTargetDependency;
			target = 8C0F4E8719830C2900DE27FB /* iPadScenePlayer */;
			targetProxy = 8C0F4EAB19830C2900DE27FB /* PBXContainerItemProxy */;
		};
/* End PBXTargetDependency section */

/* Begin PBXVariantGroup section */
		2C37C84C197FBF7A004E1D81 /* InfoPlist.strings */ = {
			isa = PBXVariantGroup;
			children = (
				2C37C84D197FBF7A004E1D81 /* en */,
			);
			name = InfoPlist.strings;
			sourceTree = "<group>";
		};
		2C37C852197FBF7A004E1D81 /* Credits.rtf */ = {
			isa = PBXVariantGroup;
			children = (
				2C37C853197FBF7A004E1D81 /* en */,
			);
			name = Credits.rtf;
			sourceTree = "<group>";
		};
		2C37C858197FBF7A004E1D81 /* MainMenu.xib */ = {
			isa = PBXVariantGroup;
			children = (
				2C37C859197FBF7A004E1D81 /* Base */,
			);
			name = MainMenu.xib;
			sourceTree = "<group>";
		};
		2C37C86A197FBF7A004E1D81 /* InfoPlist.strings */ = {
			isa = PBXVariantGroup;
			children = (
				2C37C86B197FBF7A004E1D81 /* en */,
			);
			name = InfoPlist.strings;
			sourceTree = "<group>";
		};
		8C0F4E9219830C2900DE27FB /* InfoPlist.strings */ = {
			isa = PBXVariantGroup;
			children = (
				8C0F4E9319830C2900DE27FB /* en */,
			);
			name = InfoPlist.strings;
			sourceTree = "<group>";
		};
		8C0F4E9B19830C2900DE27FB /* Main.storyboard */ = {
			isa = PBXVariantGroup;
			children = (
				8C0F4E9C19830C2900DE27FB /* Base */,
			);
			name = Main.storyboard;
			sourceTree = "<group>";
		};
		8C0F4EB019830C2900DE27FB /* InfoPlist.strings */ = {
			isa = PBXVariantGroup;
			children = (
				8C0F4EB119830C2900DE27FB /* en */,
			);
			name = InfoPlist.strings;
			sourceTree = "<group>";
		};
/* End PBXVariantGroup section */

/* Begin XCBuildConfiguration section */
		2C37C86F197FBF7A004E1D81 /* Debug */ = {
			isa = XCBuildConfiguration;
			buildSettings = {
				ALWAYS_SEARCH_USER_PATHS = NO;
				CLANG_CXX_LANGUAGE_STANDARD = "gnu++0x";
				CLANG_CXX_LIBRARY = "libc++";
				CLANG_ENABLE_MODULES = YES;
				CLANG_ENABLE_OBJC_ARC = YES;
				CLANG_WARN_BOOL_CONVERSION = YES;
				CLANG_WARN_CONSTANT_CONVERSION = YES;
				CLANG_WARN_DIRECT_OBJC_ISA_USAGE = YES_ERROR;
				CLANG_WARN_EMPTY_BODY = YES;
				CLANG_WARN_ENUM_CONVERSION = YES;
				CLANG_WARN_INT_CONVERSION = YES;
				CLANG_WARN_OBJC_ROOT_CLASS = YES_ERROR;
				CLANG_WARN__DUPLICATE_METHOD_MATCH = YES;
				COPY_PHASE_STRIP = NO;
				GCC_C_LANGUAGE_STANDARD = gnu99;
				GCC_DYNAMIC_NO_PIC = NO;
				GCC_ENABLE_OBJC_EXCEPTIONS = YES;
				GCC_OPTIMIZATION_LEVEL = 0;
				GCC_PREPROCESSOR_DEFINITIONS = (
					"DEBUG=1",
					"$(inherited)",
				);
				GCC_SYMBOLS_PRIVATE_EXTERN = NO;
				GCC_WARN_64_TO_32_BIT_CONVERSION = YES;
				GCC_WARN_ABOUT_RETURN_TYPE = YES_ERROR;
				GCC_WARN_UNDECLARED_SELECTOR = YES;
				GCC_WARN_UNINITIALIZED_AUTOS = YES_AGGRESSIVE;
				GCC_WARN_UNUSED_FUNCTION = YES;
				GCC_WARN_UNUSED_VARIABLE = YES;
				MACOSX_DEPLOYMENT_TARGET = 10.9;
				ONLY_ACTIVE_ARCH = YES;
				SDKROOT = macosx;
			};
			name = Debug;
		};
		2C37C870197FBF7A004E1D81 /* Release */ = {
			isa = XCBuildConfiguration;
			buildSettings = {
				ALWAYS_SEARCH_USER_PATHS = NO;
				CLANG_CXX_LANGUAGE_STANDARD = "gnu++0x";
				CLANG_CXX_LIBRARY = "libc++";
				CLANG_ENABLE_MODULES = YES;
				CLANG_ENABLE_OBJC_ARC = YES;
				CLANG_WARN_BOOL_CONVERSION = YES;
				CLANG_WARN_CONSTANT_CONVERSION = YES;
				CLANG_WARN_DIRECT_OBJC_ISA_USAGE = YES_ERROR;
				CLANG_WARN_EMPTY_BODY = YES;
				CLANG_WARN_ENUM_CONVERSION = YES;
				CLANG_WARN_INT_CONVERSION = YES;
				CLANG_WARN_OBJC_ROOT_CLASS = YES_ERROR;
				CLANG_WARN__DUPLICATE_METHOD_MATCH = YES;
				COPY_PHASE_STRIP = YES;
				DEBUG_INFORMATION_FORMAT = "dwarf-with-dsym";
				ENABLE_NS_ASSERTIONS = NO;
				GCC_C_LANGUAGE_STANDARD = gnu99;
				GCC_ENABLE_OBJC_EXCEPTIONS = YES;
				GCC_WARN_64_TO_32_BIT_CONVERSION = YES;
				GCC_WARN_ABOUT_RETURN_TYPE = YES_ERROR;
				GCC_WARN_UNDECLARED_SELECTOR = YES;
				GCC_WARN_UNINITIALIZED_AUTOS = YES_AGGRESSIVE;
				GCC_WARN_UNUSED_FUNCTION = YES;
				GCC_WARN_UNUSED_VARIABLE = YES;
				MACOSX_DEPLOYMENT_TARGET = 10.9;
				SDKROOT = macosx;
			};
			name = Release;
		};
		2C37C872197FBF7A004E1D81 /* Debug */ = {
			isa = XCBuildConfiguration;
			buildSettings = {
				ASSETCATALOG_COMPILER_APPICON_NAME = AppIcon;
				COMBINE_HIDPI_IMAGES = YES;
				GCC_PRECOMPILE_PREFIX_HEADER = YES;
				GCC_PREFIX_HEADER = "ScenePlayerPOC/ScenePlayerPOC-Prefix.pch";
				INFOPLIST_FILE = "ScenePlayerPOC/ScenePlayerPOC-Info.plist";
				PRODUCT_NAME = "$(TARGET_NAME)";
				WRAPPER_EXTENSION = app;
			};
			name = Debug;
		};
		2C37C873197FBF7A004E1D81 /* Release */ = {
			isa = XCBuildConfiguration;
			buildSettings = {
				ASSETCATALOG_COMPILER_APPICON_NAME = AppIcon;
				COMBINE_HIDPI_IMAGES = YES;
				GCC_PRECOMPILE_PREFIX_HEADER = YES;
				GCC_PREFIX_HEADER = "ScenePlayerPOC/ScenePlayerPOC-Prefix.pch";
				INFOPLIST_FILE = "ScenePlayerPOC/ScenePlayerPOC-Info.plist";
				PRODUCT_NAME = "$(TARGET_NAME)";
				WRAPPER_EXTENSION = app;
			};
			name = Release;
		};
		2C37C875197FBF7A004E1D81 /* Debug */ = {
			isa = XCBuildConfiguration;
			buildSettings = {
				BUNDLE_LOADER = "$(BUILT_PRODUCTS_DIR)/ScenePlayerPOC.app/Contents/MacOS/ScenePlayerPOC";
				COMBINE_HIDPI_IMAGES = YES;
				FRAMEWORK_SEARCH_PATHS = (
					"$(DEVELOPER_FRAMEWORKS_DIR)",
					"$(inherited)",
				);
				GCC_PRECOMPILE_PREFIX_HEADER = YES;
				GCC_PREFIX_HEADER = "ScenePlayerPOC/ScenePlayerPOC-Prefix.pch";
				GCC_PREPROCESSOR_DEFINITIONS = (
					"DEBUG=1",
					"$(inherited)",
				);
				INFOPLIST_FILE = "ScenePlayerPOCTests/ScenePlayerPOCTests-Info.plist";
				PRODUCT_NAME = "$(TARGET_NAME)";
				TEST_HOST = "$(BUNDLE_LOADER)";
				WRAPPER_EXTENSION = xctest;
			};
			name = Debug;
		};
		2C37C876197FBF7A004E1D81 /* Release */ = {
			isa = XCBuildConfiguration;
			buildSettings = {
				BUNDLE_LOADER = "$(BUILT_PRODUCTS_DIR)/ScenePlayerPOC.app/Contents/MacOS/ScenePlayerPOC";
				COMBINE_HIDPI_IMAGES = YES;
				FRAMEWORK_SEARCH_PATHS = (
					"$(DEVELOPER_FRAMEWORKS_DIR)",
					"$(inherited)",
				);
				GCC_PRECOMPILE_PREFIX_HEADER = YES;
				GCC_PREFIX_HEADER = "ScenePlayerPOC/ScenePlayerPOC-Prefix.pch";
				INFOPLIST_FILE = "ScenePlayerPOCTests/ScenePlayerPOCTests-Info.plist";
				PRODUCT_NAME = "$(TARGET_NAME)";
				TEST_HOST = "$(BUNDLE_LOADER)";
				WRAPPER_EXTENSION = xctest;
			};
			name = Release;
		};
		8C0F4EB519830C2900DE27FB /* Debug */ = {
			isa = XCBuildConfiguration;
			buildSettings = {
				ASSETCATALOG_COMPILER_APPICON_NAME = AppIcon;
				ASSETCATALOG_COMPILER_LAUNCHIMAGE_NAME = LaunchImage;
				"CODE_SIGN_IDENTITY[sdk=iphoneos*]" = "iPhone Developer";
				FRAMEWORK_SEARCH_PATHS = (
					"$(inherited)",
					"$(DEVELOPER_FRAMEWORKS_DIR)",
				);
				GCC_PRECOMPILE_PREFIX_HEADER = YES;
				GCC_PREFIX_HEADER = "iPadScenePlayer/iPadScenePlayer-Prefix.pch";
				GCC_PREPROCESSOR_DEFINITIONS = (
					"DEBUG=1",
					"$(inherited)",
				);
				INFOPLIST_FILE = "iPadScenePlayer/iPadScenePlayer-Info.plist";
				IPHONEOS_DEPLOYMENT_TARGET = 7.1;
				PRODUCT_NAME = "$(TARGET_NAME)";
				SDKROOT = iphoneos;
				TARGETED_DEVICE_FAMILY = 2;
				WRAPPER_EXTENSION = app;
			};
			name = Debug;
		};
		8C0F4EB619830C2900DE27FB /* Release */ = {
			isa = XCBuildConfiguration;
			buildSettings = {
				ASSETCATALOG_COMPILER_APPICON_NAME = AppIcon;
				ASSETCATALOG_COMPILER_LAUNCHIMAGE_NAME = LaunchImage;
				"CODE_SIGN_IDENTITY[sdk=iphoneos*]" = "iPhone Developer";
				FRAMEWORK_SEARCH_PATHS = (
					"$(inherited)",
					"$(DEVELOPER_FRAMEWORKS_DIR)",
				);
				GCC_PRECOMPILE_PREFIX_HEADER = YES;
				GCC_PREFIX_HEADER = "iPadScenePlayer/iPadScenePlayer-Prefix.pch";
				INFOPLIST_FILE = "iPadScenePlayer/iPadScenePlayer-Info.plist";
				IPHONEOS_DEPLOYMENT_TARGET = 7.1;
				PRODUCT_NAME = "$(TARGET_NAME)";
				SDKROOT = iphoneos;
				TARGETED_DEVICE_FAMILY = 2;
				VALIDATE_PRODUCT = YES;
				WRAPPER_EXTENSION = app;
			};
			name = Release;
		};
		8C0F4EB719830C2900DE27FB /* Debug */ = {
			isa = XCBuildConfiguration;
			buildSettings = {
				BUNDLE_LOADER = "$(BUILT_PRODUCTS_DIR)/ScenePlayerPOC.app/Contents/MacOS/ScenePlayerPOC";
				FRAMEWORK_SEARCH_PATHS = (
					"$(SDKROOT)/Developer/Library/Frameworks",
					"$(inherited)",
					"$(DEVELOPER_FRAMEWORKS_DIR)",
				);
				GCC_PRECOMPILE_PREFIX_HEADER = YES;
				GCC_PREFIX_HEADER = "iPadScenePlayer/iPadScenePlayer-Prefix.pch";
				GCC_PREPROCESSOR_DEFINITIONS = (
					"DEBUG=1",
					"$(inherited)",
				);
				INFOPLIST_FILE = "iPadScenePlayerTests/iPadScenePlayerTests-Info.plist";
				IPHONEOS_DEPLOYMENT_TARGET = 7.1;
				PRODUCT_NAME = "$(TARGET_NAME)";
				SDKROOT = iphoneos;
				TEST_HOST = "$(BUNDLE_LOADER)";
				WRAPPER_EXTENSION = xctest;
			};
			name = Debug;
		};
		8C0F4EB819830C2900DE27FB /* Release */ = {
			isa = XCBuildConfiguration;
			buildSettings = {
				BUNDLE_LOADER = "$(BUILT_PRODUCTS_DIR)/ScenePlayerPOC.app/Contents/MacOS/ScenePlayerPOC";
				FRAMEWORK_SEARCH_PATHS = (
					"$(SDKROOT)/Developer/Library/Frameworks",
					"$(inherited)",
					"$(DEVELOPER_FRAMEWORKS_DIR)",
				);
				GCC_PRECOMPILE_PREFIX_HEADER = YES;
				GCC_PREFIX_HEADER = "iPadScenePlayer/iPadScenePlayer-Prefix.pch";
				INFOPLIST_FILE = "iPadScenePlayerTests/iPadScenePlayerTests-Info.plist";
				IPHONEOS_DEPLOYMENT_TARGET = 7.1;
				PRODUCT_NAME = "$(TARGET_NAME)";
				SDKROOT = iphoneos;
				TEST_HOST = "$(BUNDLE_LOADER)";
				VALIDATE_PRODUCT = YES;
				WRAPPER_EXTENSION = xctest;
			};
			name = Release;
		};
/* End XCBuildConfiguration section */

/* Begin XCConfigurationList section */
		2C37C83B197FBF79004E1D81 /* Build configuration list for PBXProject "ScenePlayerPOC" */ = {
			isa = XCConfigurationList;
			buildConfigurations = (
				2C37C86F197FBF7A004E1D81 /* Debug */,
				2C37C870197FBF7A004E1D81 /* Release */,
			);
			defaultConfigurationIsVisible = 0;
			defaultConfigurationName = Release;
		};
		2C37C871197FBF7A004E1D81 /* Build configuration list for PBXNativeTarget "ScenePlayerPOC" */ = {
			isa = XCConfigurationList;
			buildConfigurations = (
				2C37C872197FBF7A004E1D81 /* Debug */,
				2C37C873197FBF7A004E1D81 /* Release */,
			);
			defaultConfigurationIsVisible = 0;
			defaultConfigurationName = Release;
		};
		2C37C874197FBF7A004E1D81 /* Build configuration list for PBXNativeTarget "ScenePlayerPOCTests" */ = {
			isa = XCConfigurationList;
			buildConfigurations = (
				2C37C875197FBF7A004E1D81 /* Debug */,
				2C37C876197FBF7A004E1D81 /* Release */,
			);
			defaultConfigurationIsVisible = 0;
			defaultConfigurationName = Release;
		};
		8C0F4EB919830C2900DE27FB /* Build configuration list for PBXNativeTarget "iPadScenePlayer" */ = {
			isa = XCConfigurationList;
			buildConfigurations = (
				8C0F4EB519830C2900DE27FB /* Debug */,
				8C0F4EB619830C2900DE27FB /* Release */,
			);
			defaultConfigurationIsVisible = 0;
			defaultConfigurationName = Release;
		};
		8C0F4EBA19830C2900DE27FB /* Build configuration list for PBXNativeTarget "iPadScenePlayerTests" */ = {
			isa = XCConfigurationList;
			buildConfigurations = (
				8C0F4EB719830C2900DE27FB /* Debug */,
				8C0F4EB819830C2900DE27FB /* Release */,
			);
			defaultConfigurationIsVisible = 0;
			defaultConfigurationName = Release;
		};
/* End XCConfigurationList section */
	};
	rootObject = 2C37C838197FBF79004E1D81 /* Project object */;
}
